# This file is autogenerated, do not edit; changes may be undone by the next 'dep ensure'.


[[projects]]
  branch = "master"
  name = "github.com/agl/ed25519"
  packages = [
    ".",
    "edwards25519"
  ]
  revision = "5312a61534124124185d41f09206b9fef1d88403"

[[projects]]
  branch = "master"
  name = "github.com/companyzero/sntrup4591761"
  packages = [
    ".",
    "r3",
    "r3/mod3",
    "r3/vector",
    "rq",
    "rq/modq",
    "rq/vector",
    "zx"
  ]
  revision = "f6d504b86dc00c205a94e7588a9abef71faa13c1"

[[projects]]
  branch = "master"
  name = "github.com/companyzero/ttk"
  packages = ["."]
  revision = "ed82e823ab16ef2426ca544d6918f6978f7af0e0"
  source = "github.com/z1ke/ttk"

[[projects]]
  name = "github.com/davecgh/go-spew"
  packages = ["spew"]
  revision = "346938d642f2ec3594ed81d874461961cd0faa76"
  version = "v1.1.0"

[[projects]]
  branch = "master"
  name = "github.com/davecgh/go-xdr"
  packages = ["xdr2"]
  revision = "e6a2ba005892b6a5b27cb5352f64c2e96942dd28"

[[projects]]
  branch = "master"
  name = "github.com/gdamore/encoding"
  packages = ["."]
  revision = "b23993cbb6353f0e6aa98d0ee318a34728f628b9"

[[projects]]
  branch = "master"
  name = "github.com/gdamore/tcell"
  packages = [
    ".",
    "termbox",
    "terminfo"
  ]
  revision = "ac406c22f43e5edff5131f5916cfb7f8177277d1"
  source = "github.com/z1ke/tcell"

[[projects]]
  branch = "master"
  name = "github.com/lucasb-eyer/go-colorful"
  packages = ["."]
  revision = "231272389856c976b7500c4fffcc52ddf06ff4eb"

[[projects]]
  branch = "master"
  name = "github.com/marcopeereboom/goutil"
  packages = ["."]
  revision = "30a0823e951a0a83c401091737f2b1957d163dd0"

[[projects]]
  name = "github.com/mattn/go-runewidth"
  packages = ["."]
  revision = "9e777a8366cce605130a531d2cd6363d07ad7317"
  version = "v0.0.2"

[[projects]]
  branch = "master"
  name = "github.com/mitchellh/go-homedir"
  packages = ["."]
  revision = "b8bc1bf767474819792c23f32d8286a45736f1c6"

[[projects]]
  name = "github.com/pmezard/go-difflib"
  packages = ["difflib"]
  revision = "792786c7400a136282c1664665ae0a8db921c6c2"
  version = "v1.0.0"

[[projects]]
  branch = "master"
  name = "github.com/vaughan0/go-ini"
  packages = ["."]
  revision = "a98ad7ee00ec53921f08832bc06ecf7fd600e6a1"

[[projects]]
  branch = "master"
  name = "golang.org/x/crypto"
  packages = [
    "curve25519",
    "nacl/secretbox",
    "pbkdf2",
    "poly1305",
    "salsa20/salsa",
    "scrypt"
  ]
  revision = "13931e22f9e72ea58bb73048bc752b48c6d4d4ac"

[[projects]]
  branch = "master"
  name = "golang.org/x/text"
  packages = [
    "encoding",
    "encoding/internal/identifier",
    "internal/gen",
    "transform",
    "unicode/cldr"
  ]
  revision = "e19ae1496984b1c655b8044a65c0300a3c878dd3"

[solve-meta]
  analyzer-name = "dep"
  analyzer-version = 1
  inputs-digest = "569864f317bca1f41a00bad53c60c64162a8d70dfeacf07e1d6bd570ceaf648b"
  solver-name = "gps-cdcl"
  solver-version = 1
